// !$*UTF8*$!
{
	archiveVersion = 1;
	classes = {
	};
	objectVersion = 48;
	objects = {

/* Begin PBXBuildFile section */
		AC3397771FB60A1E00BC5208 /* Preguntas.swift in Sources */ = {isa = PBXBuildFile; fileRef = AC3397761FB60A1E00BC5208 /* Preguntas.swift */; };
		AC9A97831FB0E3AD0072AB30 /* AppDelegate.swift in Sources */ = {isa = PBXBuildFile; fileRef = AC9A97821FB0E3AD0072AB30 /* AppDelegate.swift */; };
		AC9A97851FB0E3AD0072AB30 /* ViewController.swift in Sources */ = {isa = PBXBuildFile; fileRef = AC9A97841FB0E3AD0072AB30 /* ViewController.swift */; };
		AC9A97881FB0E3AD0072AB30 /* Main.storyboard in Resources */ = {isa = PBXBuildFile; fileRef = AC9A97861FB0E3AD0072AB30 /* Main.storyboard */; };
		AC9A978A1FB0E3AD0072AB30 /* Assets.xcassets in Resources */ = {isa = PBXBuildFile; fileRef = AC9A97891FB0E3AD0072AB30 /* Assets.xcassets */; };
		AC9A978D1FB0E3AD0072AB30 /* LaunchScreen.storyboard in Resources */ = {isa = PBXBuildFile; fileRef = AC9A978B1FB0E3AD0072AB30 /* LaunchScreen.storyboard */; };
		ACF860C81FCCBCDD00116E30 /* song.mp3 in Resources */ = {isa = PBXBuildFile; fileRef = ACF860C71FCCBCDD00116E30 /* song.mp3 */; };
/* End PBXBuildFile section */

/* Begin PBXFileReference section */
		AC3397761FB60A1E00BC5208 /* Preguntas.swift */ = {isa = PBXFileReference; lastKnownFileType = sourcecode.swift; path = Preguntas.swift; sourceTree = "<group>"; };
		AC9A977F1FB0E3AD0072AB30 /* Trivial.app */ = {isa = PBXFileReference; explicitFileType = wrapper.application; includeInIndex = 0; path = Trivial.app; sourceTree = BUILT_PRODUCTS_DIR; };
		AC9A97821FB0E3AD0072AB30 /* AppDelegate.swift */ = {isa = PBXFileReference; lastKnownFileType = sourcecode.swift; path = AppDelegate.swift; sourceTree = "<group>"; };
		AC9A97841FB0E3AD0072AB30 /* ViewController.swift */ = {isa = PBXFileReference; lastKnownFileType = sourcecode.swift; path = ViewController.swift; sourceTree = "<group>"; };
		AC9A97871FB0E3AD0072AB30 /* Base */ = {isa = PBXFileReference; lastKnownFileType = file.storyboard; name = Base; path = Base.lproj/Main.storyboard; sourceTree = "<group>"; };
		AC9A97891FB0E3AD0072AB30 /* Assets.xcassets */ = {isa = PBXFileReference; lastKnownFileType = folder.assetcatalog; path = Assets.xcassets; sourceTree = "<group>"; };
		AC9A978C1FB0E3AD0072AB30 /* Base */ = {isa = PBXFileReference; lastKnownFileType = file.storyboard; name = Base; path = Base.lproj/LaunchScreen.storyboard; sourceTree = "<group>"; };
		AC9A978E1FB0E3AD0072AB30 /* Info.plist */ = {isa = PBXFileReference; lastKnownFileType = text.plist.xml; path = Info.plist; sourceTree = "<group>"; };
		ACF860C71FCCBCDD00116E30 /* song.mp3 */ = {isa = PBXFileReference; lastKnownFileType = audio.mp3; path = song.mp3; sourceTree = "<group>"; };
/* End PBXFileReference section */

/* Begin PBXFrameworksBuildPhase section */
		AC9A977C1FB0E3AD0072AB30 /* Frameworks */ = {
			isa = PBXFrameworksBuildPhase;
			buildActionMask = 2147483647;
			files = (
			);
			runOnlyForDeploymentPostprocessing = 0;
		};
/* End PBXFrameworksBuildPhase section */

/* Begin PBXGroup section */
		AC9A97761FB0E3AD0072AB30 = {
			isa = PBXGroup;
			children = (
				AC9A97811FB0E3AD0072AB30 /* Trivial */,
				AC9A97801FB0E3AD0072AB30 /* Products */,
			);
			sourceTree = "<group>";
		};
		AC9A97801FB0E3AD0072AB30 /* Products */ = {
			isa = PBXGroup;
			children = (
				AC9A977F1FB0E3AD0072AB30 /* Trivial.app */,
			);
			name = Products;
			sourceTree = "<group>";
		};
		AC9A97811FB0E3AD0072AB30 /* Trivial */ = {
			isa = PBXGroup;
			children = (
				AC9A97821FB0E3AD0072AB30 /* AppDelegate.swift */,
				AC9A97841FB0E3AD0072AB30 /* ViewController.swift */,
				AC9A97861FB0E3AD0072AB30 /* Main.storyboard */,
				AC9A97891FB0E3AD0072AB30 /* Assets.xcassets */,
				AC9A978B1FB0E3AD0072AB30 /* LaunchScreen.storyboard */,
				AC9A978E1FB0E3AD0072AB30 /* Info.plist */,
				AC3397761FB60A1E00BC5208 /* Preguntas.swift */,
				ACF860C71FCCBCDD00116E30 /* song.mp3 */,
			);
			path = Trivial;
			sourceTree = "<group>";
		};
/* End PBXGroup section */

/* Begin PBXNativeTarget section */
		AC9A977E1FB0E3AD0072AB30 /* Trivial */ = {
			isa = PBXNativeTarget;
			buildConfigurationList = AC9A97911FB0E3AD0072AB30 /* Build configuration list for PBXNativeTarget "Trivial" */;
			buildPhases = (
				AC9A977B1FB0E3AD0072AB30 /* Sources */,
				AC9A977C1FB0E3AD0072AB30 /* Frameworks */,
				AC9A977D1FB0E3AD0072AB30 /* Resources */,
			);
			buildRules = (
			);
			dependencies = (
			);
			name = Trivial;
			productName = Trivial;
			productReference = AC9A977F1FB0E3AD0072AB30 /* Trivial.app */;
			productType = "com.apple.product-type.application";
		};
/* End PBXNativeTarget section */

/* Begin PBXProject section */
		AC9A97771FB0E3AD0072AB30 /* Project object */ = {
			isa = PBXProject;
			attributes = {
				LastSwiftUpdateCheck = 0910;
				LastUpgradeCheck = 0910;
				ORGANIZATIONNAME = "Alex Lopez";
				TargetAttributes = {
					AC9A977E1FB0E3AD0072AB30 = {
						CreatedOnToolsVersion = 9.1;
						ProvisioningStyle = Automatic;
						SystemCapabilities = {
							com.apple.BackgroundModes = {
								enabled = 1;
							};
						};
					};
				};
			};
			buildConfigurationList = AC9A977A1FB0E3AD0072AB30 /* Build configuration list for PBXProject "Trivial" */;
			compatibilityVersion = "Xcode 8.0";
			developmentRegion = en;
			hasScannedForEncodings = 0;
			knownRegions = (
				en,
				Base,
			);
			mainGroup = AC9A97761FB0E3AD0072AB30;
			productRefGroup = AC9A97801FB0E3AD0072AB30 /* Products */;
			projectDirPath = "";
			projectRoot = "";
			targets = (
				AC9A977E1FB0E3AD0072AB30 /* Trivial */,
			);
		};
/* End PBXProject section */

/* Begin PBXResourcesBuildPhase section */
		AC9A977D1FB0E3AD0072AB30 /* Resources */ = {
			isa = PBXResourcesBuildPhase;
			buildActionMask = 2147483647;
			files = (
				AC9A978D1FB0E3AD0072AB30 /* LaunchScreen.storyboard in Resources */,
				ACF860C81FCCBCDD00116E30 /* song.mp3 in Resources */,
				AC9A978A1FB0E3AD0072AB30 /* Assets.xcassets in Resources */,
				AC9A97881FB0E3AD0072AB30 /* Main.storyboard in Resources */,
			);
			runOnlyForDeploymentPostprocessing = 0;
		};
/* End PBXResourcesBuildPhase section */

/* Begin PBXSourcesBuildPhase section */
		AC9A977B1FB0E3AD0072AB30 /* Sources */ = {
			isa = PBXSourcesBuildPhase;
			buildActionMask = 2147483647;
			files = (
				AC9A97851FB0E3AD0072AB30 /* ViewController.swift in Sources */,
				AC9A97831FB0E3AD0072AB30 /* AppDelegate.swift in Sources */,
				AC3397771FB60A1E00BC5208 /* Preguntas.swift in Sources */,
			);
			runOnlyForDeploymentPostprocessing = 0;
		};
/* End PBXSourcesBuildPhase section */

/* Begin PBXVariantGroup section */
		AC9A97861FB0E3AD0072AB30 /* Main.storyboard */ = {
			isa = PBXVariantGroup;
			children = (
				AC9A97871FB0E3AD0072AB30 /* Base */,
			);
			name = Main.storyboard;
			sourceTree = "<group>";
		};
		AC9A978B1FB0E3AD0072AB30 /* LaunchScreen.storyboard */ = {
			isa = PBXVariantGroup;
			children = (
				AC9A978C1FB0E3AD0072AB30 /* Base */,
			);
			name = LaunchScreen.storyboard;
			sourceTree = "<group>";
		};
/* End PBXVariantGroup section */

/* Begin XCBuildConfiguration section */
		AC9A978F1FB0E3AD0072AB30 /* Debug */ = {
			isa = XCBuildConfiguration;
			buildSettings = {
				ALWAYS_SEARCH_USER_PATHS = NO;
				CLANG_ANALYZER_NONNULL = YES;
				CLANG_ANALYZER_NUMBER_OBJECT_CONVERSION = YES_AGGRESSIVE;
				CLANG_CXX_LANGUAGE_STANDARD = "gnu++14";
				CLANG_CXX_LIBRARY = "libc++";
				CLANG_ENABLE_MODULES = YES;
				CLANG_ENABLE_OBJC_ARC = YES;
				CLANG_WARN_BLOCK_CAPTURE_AUTORELEASING = YES;
				CLANG_WARN_BOOL_CONVERSION = YES;
				CLANG_WARN_COMMA = YES;
				CLANG_WARN_CONSTANT_CONVERSION = YES;
				CLANG_WARN_DIRECT_OBJC_ISA_USAGE = YES_ERROR;
				CLANG_WARN_DOCUMENTATION_COMMENTS = YES;
				CLANG_WARN_EMPTY_BODY = YES;
				CLANG_WARN_ENUM_CONVERSION = YES;
				CLANG_WARN_INFINITE_RECURSION = YES;
				CLANG_WARN_INT_CONVERSION = YES;
				CLANG_WARN_NON_LITERAL_NULL_CONVERSION = YES;
				CLANG_WARN_OBJC_LITERAL_CONVERSION = YES;
				CLANG_WARN_OBJC_ROOT_CLASS = YES_ERROR;
				CLANG_WARN_RANGE_LOOP_ANALYSIS = YES;
				CLANG_WARN_STRICT_PROTOTYPES = YES;
				CLANG_WARN_SUSPICIOUS_MOVE = YES;
				CLANG_WARN_UNGUARDED_AVAILABILITY = YES_AGGRESSIVE;
				CLANG_WARN_UNREACHABLE_CODE = YES;
				CLANG_WARN__DUPLICATE_METHOD_MATCH = YES;
				CODE_SIGN_IDENTITY = "iPhone Developer";
				COPY_PHASE_STRIP = NO;
				DEBUG_INFORMATION_FORMAT = dwarf;
				ENABLE_STRICT_OBJC_MSGSEND = YES;
				ENABLE_TESTABILITY = YES;
				GCC_C_LANGUAGE_STANDARD = gnu11;
				GCC_DYNAMIC_NO_PIC = NO;
				GCC_NO_COMMON_BLOCKS = YES;
				GCC_OPTIMIZATION_LEVEL = 0;
				GCC_PREPROCESSOR_DEFINITIONS = (
					"DEBUG=1",
					"$(inherited)",
				);
				GCC_WARN_64_TO_32_BIT_CONVERSION = YES;
				GCC_WARN_ABOUT_RETURN_TYPE = YES_ERROR;
				GCC_WARN_UNDECLARED_SELECTOR = YES;
				GCC_WARN_UNINITIALIZED_AUTOS = YES_AGGRESSIVE;
				GCC_WARN_UNUSED_FUNCTION = YES;
				GCC_WARN_UNUSED_VARIABLE = YES;
				IPHONEOS_DEPLOYMENT_TARGET = 11.1;
				MTL_ENABLE_DEBUG_INFO = YES;
				ONLY_ACTIVE_ARCH = YES;
				SDKROOT = iphoneos;
				SWIFT_ACTIVE_COMPILATION_CONDITIONS = DEBUG;
				SWIFT_OPTIMIZATION_LEVEL = "-Onone";
			};
			name = Debug;
		};
		AC9A97901FB0E3AD0072AB30 /* Release */ = {
			isa = XCBuildConfiguration;
			buildSettings = {
				ALWAYS_SEARCH_USER_PATHS = NO;
				CLANG_ANALYZER_NONNULL = YES;
				CLANG_ANALYZER_NUMBER_OBJECT_CONVERSION = YES_AGGRESSIVE;
				CLANG_CXX_LANGUAGE_STANDARD = "gnu++14";
				CLANG_CXX_LIBRARY = "libc++";
				CLANG_ENABLE_MODULES = YES;
				CLANG_ENABLE_OBJC_ARC = YES;
				CLANG_WARN_BLOCK_CAPTURE_AUTORELEASING = YES;
				CLANG_WARN_BOOL_CONVERSION = YES;
				CLANG_WARN_COMMA = YES;
				CLANG_WARN_CONSTANT_CONVERSION = YES;
				CLANG_WARN_DIRECT_OBJC_ISA_USAGE = YES_ERROR;
				CLANG_WARN_DOCUMENTATION_COMMENTS = YES;
				CLANG_WARN_EMPTY_BODY = YES;
				CLANG_WARN_ENUM_CONVERSION = YES;
				CLANG_WARN_INFINITE_RECURSION = YES;
				CLANG_WARN_INT_CONVERSION = YES;
				CLANG_WARN_NON_LITERAL_NULL_CONVERSION = YES;
				CLANG_WARN_OBJC_LITERAL_CONVERSION = YES;
				CLANG_WARN_OBJC_ROOT_CLASS = YES_ERROR;
				CLANG_WARN_RANGE_LOOP_ANALYSIS = YES;
				CLANG_WARN_STRICT_PROTOTYPES = YES;
				CLANG_WARN_SUSPICIOUS_MOVE = YES;
				CLANG_WARN_UNGUARDED_AVAILABILITY = YES_AGGRESSIVE;
				CLANG_WARN_UNREACHABLE_CODE = YES;
				CLANG_WARN__DUPLICATE_METHOD_MATCH = YES;
				CODE_SIGN_IDENTITY = "iPhone Developer";
				COPY_PHASE_STRIP = NO;
				DEBUG_INFORMATION_FORMAT = "dwarf-with-dsym";
				ENABLE_NS_ASSERTIONS = NO;
				ENABLE_STRICT_OBJC_MSGSEND = YES;
				GCC_C_LANGUAGE_STANDARD = gnu11;
				GCC_NO_COMMON_BLOCKS = YES;
				GCC_WARN_64_TO_32_BIT_CONVERSION = YES;
				GCC_WARN_ABOUT_RETURN_TYPE = YES_ERROR;
				GCC_WARN_UNDECLARED_SELECTOR = YES;
				GCC_WARN_UNINITIALIZED_AUTOS = YES_AGGRESSIVE;
				GCC_WARN_UNUSED_FUNCTION = YES;
				GCC_WARN_UNUSED_VARIABLE = YES;
				IPHONEOS_DEPLOYMENT_TARGET = 11.1;
				MTL_ENABLE_DEBUG_INFO = NO;
				SDKROOT = iphoneos;
				SWIFT_OPTIMIZATION_LEVEL = "-Owholemodule";
				VALIDATE_PRODUCT = YES;
			};
			name = Release;
		};
		AC9A97921FB0E3AD0072AB30 /* Debug */ = {
			isa = XCBuildConfiguration;
			buildSettings = {
				ASSETCATALOG_COMPILER_APPICON_NAME = AppIcon;
				CODE_SIGN_STYLE = Automatic;
				DEVELOPMENT_TEAM = LX4P693W2D;
				INFOPLIST_FILE = Trivial/Info.plist;
				IPHONEOS_DEPLOYMENT_TARGET = 11.1;
				LD_RUNPATH_SEARCH_PATHS = "$(inherited) @executable_path/Frameworks";
				PRODUCT_BUNDLE_IDENTIFIER = alexlopez.com.Trivial;
				PRODUCT_NAME = "$(TARGET_NAME)";
				SWIFT_VERSION = 4.0;
				TARGETED_DEVICE_FAMILY = "1,2";
			};
			name = Debug;
		};
		AC9A97931FB0E3AD0072AB30 /* Release */ = {
			isa = XCBuildConfiguration;
			buildSettings = {
				ASSETCATALOG_COMPILER_APPICON_NAME = AppIcon;
				CODE_SIGN_STYLE = Automatic;
				DEVELOPMENT_TEAM = LX4P693W2D;
				INFOPLIST_FILE = Trivial/Info.plist;
				IPHONEOS_DEPLOYMENT_TARGET = 11.1;
				LD_RUNPATH_SEARCH_PATHS = "$(inherited) @executable_path/Frameworks";
				PRODUCT_BUNDLE_IDENTIFIER = alexlopez.com.Trivial;
				PRODUCT_NAME = "$(TARGET_NAME)";
				SWIFT_VERSION = 4.0;
				TARGETED_DEVICE_FAMILY = "1,2";
			};
			name = Release;
		};
/* End XCBuildConfiguration section */

/* Begin XCConfigurationList section */
		AC9A977A1FB0E3AD0072AB30 /* Build configuration list for PBXProject "Trivial" */ = {
			isa = XCConfigurationList;
			buildConfigurations = (
				AC9A978F1FB0E3AD0072AB30 /* Debug */,
				AC9A97901FB0E3AD0072AB30 /* Release */,
			);
			defaultConfigurationIsVisible = 0;
			defaultConfigurationName = Release;
		};
		AC9A97911FB0E3AD0072AB30 /* Build configuration list for PBXNativeTarget "Trivial" */ = {
			isa = XCConfigurationList;
			buildConfigurations = (
				AC9A97921FB0E3AD0072AB30 /* Debug */,
				AC9A97931FB0E3AD0072AB30 /* Release */,
			);
			defaultConfigurationIsVisible = 0;
			defaultConfigurationName = Release;
		};
/* End XCConfigurationList section */
	};
	rootObject = AC9A97771FB0E3AD0072AB30 /* Project object */;
}
